// !$*UTF8*$!
{
	archiveVersion = 1;
	classes = {
	};
	objectVersion = 46;
	objects = {

/* Begin PBXBuildFile section */
		E5F299DE36544E7E38BB57F2 /* Pods_FedsDriver.framework in Frameworks */ = {isa = PBXBuildFile; fileRef = 061AFD5476C872E0A3AEB539 /* Pods_FedsDriver.framework */; };
		FA2EBFB71E3BB0E60018D30E /* Service.swift in Sources */ = {isa = PBXBuildFile; fileRef = FA2EBFB61E3BB0E60018D30E /* Service.swift */; };
		FA2EBFB91E3BB1040018D30E /* Payment.swift in Sources */ = {isa = PBXBuildFile; fileRef = FA2EBFB81E3BB1040018D30E /* Payment.swift */; };
		FA2EBFBB1E3C62E40018D30E /* OrderViewController.swift in Sources */ = {isa = PBXBuildFile; fileRef = FA2EBFBA1E3C62E40018D30E /* OrderViewController.swift */; };
		FA96F11A1E33315400615789 /* AppDelegate.swift in Sources */ = {isa = PBXBuildFile; fileRef = FA96F1191E33315400615789 /* AppDelegate.swift */; };
		FA96F11C1E33315400615789 /* ViewController.swift in Sources */ = {isa = PBXBuildFile; fileRef = FA96F11B1E33315400615789 /* ViewController.swift */; };
		FA96F11F1E33315400615789 /* Main.storyboard in Resources */ = {isa = PBXBuildFile; fileRef = FA96F11D1E33315400615789 /* Main.storyboard */; };
		FA96F1211E33315400615789 /* Assets.xcassets in Resources */ = {isa = PBXBuildFile; fileRef = FA96F1201E33315400615789 /* Assets.xcassets */; };
		FA96F1241E33315400615789 /* LaunchScreen.storyboard in Resources */ = {isa = PBXBuildFile; fileRef = FA96F1221E33315400615789 /* LaunchScreen.storyboard */; };
		FA96F1301E3332C600615789 /* LoginViewController.swift in Sources */ = {isa = PBXBuildFile; fileRef = FA96F12F1E3332C600615789 /* LoginViewController.swift */; };
		FA96F1321E33382E00615789 /* User.swift in Sources */ = {isa = PBXBuildFile; fileRef = FA96F1311E33382E00615789 /* User.swift */; };
		FA96F1351E3339B300615789 /* API.swift in Sources */ = {isa = PBXBuildFile; fileRef = FA96F1341E3339B300615789 /* API.swift */; };
		FA96F1371E333F8900615789 /* DeviceInfo.swift in Sources */ = {isa = PBXBuildFile; fileRef = FA96F1361E333F8900615789 /* DeviceInfo.swift */; };
		FA96F13A1E33463E00615789 /* LocationCoordinateExtension.swift in Sources */ = {isa = PBXBuildFile; fileRef = FA96F1391E33463E00615789 /* LocationCoordinateExtension.swift */; };
		FA96F13C1E33529D00615789 /* DictionaryExtension.swift in Sources */ = {isa = PBXBuildFile; fileRef = FA96F13B1E33529D00615789 /* DictionaryExtension.swift */; };
		FA96F13E1E335A2A00615789 /* UIViewControllerExtension.swift in Sources */ = {isa = PBXBuildFile; fileRef = FA96F13D1E335A2A00615789 /* UIViewControllerExtension.swift */; };
		FA9A54991E448B1F00852DF2 /* FDTextRow.swift in Sources */ = {isa = PBXBuildFile; fileRef = FA9A54981E448B1F00852DF2 /* FDTextRow.swift */; };
		FA9A549B1E44939000852DF2 /* FDTextFieldTableViewCell.xib in Resources */ = {isa = PBXBuildFile; fileRef = FA9A549A1E44939000852DF2 /* FDTextFieldTableViewCell.xib */; };
		FA9A549D1E44A77000852DF2 /* FDButtonTableViewCell.xib in Resources */ = {isa = PBXBuildFile; fileRef = FA9A549C1E44A77000852DF2 /* FDButtonTableViewCell.xib */; };
		FA9A549F1E44A8EA00852DF2 /* FDButtonTableViewCell.swift in Sources */ = {isa = PBXBuildFile; fileRef = FA9A549E1E44A8EA00852DF2 /* FDButtonTableViewCell.swift */; };
		FA9A54A21E44D6B800852DF2 /* LocationTableViewCell.swift in Sources */ = {isa = PBXBuildFile; fileRef = FA9A54A01E44D6B800852DF2 /* LocationTableViewCell.swift */; };
		FA9A54A31E44D6B800852DF2 /* LocationTableViewCell.xib in Resources */ = {isa = PBXBuildFile; fileRef = FA9A54A11E44D6B800852DF2 /* LocationTableViewCell.xib */; };
		FAA048BE1E56E40B00BA4CF1 /* junegull.ttf in Resources */ = {isa = PBXBuildFile; fileRef = FAA048B91E56E40B00BA4CF1 /* junegull.ttf */; };
		FAA048BF1E56E40B00BA4CF1 /* QueenofCamelot.otf in Resources */ = {isa = PBXBuildFile; fileRef = FAA048BA1E56E40B00BA4CF1 /* QueenofCamelot.otf */; };
		FAA048C01E56E40B00BA4CF1 /* QueenofCamelotItalic.otf in Resources */ = {isa = PBXBuildFile; fileRef = FAA048BB1E56E40B00BA4CF1 /* QueenofCamelotItalic.otf */; };
		FAA048C11E56E40B00BA4CF1 /* QueenofCamelotOutlines.otf in Resources */ = {isa = PBXBuildFile; fileRef = FAA048BC1E56E40B00BA4CF1 /* QueenofCamelotOutlines.otf */; };
		FAA048C21E56E40B00BA4CF1 /* Russian.ttf in Resources */ = {isa = PBXBuildFile; fileRef = FAA048BD1E56E40B00BA4CF1 /* Russian.ttf */; };
		FAA3C1821E451AF9005E575E /* BackView.swift in Sources */ = {isa = PBXBuildFile; fileRef = FAA3C1811E451AF9005E575E /* BackView.swift */; };
		FAE259441E43D1F400ACE844 /* OrderTableViewCell.xib in Resources */ = {isa = PBXBuildFile; fileRef = FAE259431E43D1F400ACE844 /* OrderTableViewCell.xib */; };
		FAE259471E43D58300ACE844 /* FDButton.swift in Sources */ = {isa = PBXBuildFile; fileRef = FAE259461E43D58300ACE844 /* FDButton.swift */; };
		FAF3A0BA1E418203003A4E14 /* FDTableViewCell.swift in Sources */ = {isa = PBXBuildFile; fileRef = FAF3A0B91E418203003A4E14 /* FDTableViewCell.swift */; };
		FAF8A5E61E3B2FD1007F769B /* OrderListViewController.swift in Sources */ = {isa = PBXBuildFile; fileRef = FAF8A5E51E3B2FD1007F769B /* OrderListViewController.swift */; };
		FAF8A5E81E3B3037007F769B /* Order.swift in Sources */ = {isa = PBXBuildFile; fileRef = FAF8A5E71E3B3037007F769B /* Order.swift */; };
		FAF8A5EA1E3B3756007F769B /* OrderTableViewCell.swift in Sources */ = {isa = PBXBuildFile; fileRef = FAF8A5E91E3B3756007F769B /* OrderTableViewCell.swift */; };
		FAF8A5EC1E3B38C4007F769B /* DeliveryAddress.swift in Sources */ = {isa = PBXBuildFile; fileRef = FAF8A5EB1E3B38C4007F769B /* DeliveryAddress.swift */; };
		FAF8A5F01E3B3BB2007F769B /* TableViewDelegate.swift in Sources */ = {isa = PBXBuildFile; fileRef = FAF8A5EF1E3B3BB2007F769B /* TableViewDelegate.swift */; };
/* End PBXBuildFile section */

/* Begin PBXFileReference section */
		061AFD5476C872E0A3AEB539 /* Pods_FedsDriver.framework */ = {isa = PBXFileReference; explicitFileType = wrapper.framework; includeInIndex = 0; path = Pods_FedsDriver.framework; sourceTree = BUILT_PRODUCTS_DIR; };
		69CDFAEA50B49803943021A0 /* Pods-FedsDriver.debug.xcconfig */ = {isa = PBXFileReference; includeInIndex = 1; lastKnownFileType = text.xcconfig; name = "Pods-FedsDriver.debug.xcconfig"; path = "Pods/Target Support Files/Pods-FedsDriver/Pods-FedsDriver.debug.xcconfig"; sourceTree = "<group>"; };
		7A5261BE1346392F6EE94868 /* Pods-FedsDriver.release.xcconfig */ = {isa = PBXFileReference; includeInIndex = 1; lastKnownFileType = text.xcconfig; name = "Pods-FedsDriver.release.xcconfig"; path = "Pods/Target Support Files/Pods-FedsDriver/Pods-FedsDriver.release.xcconfig"; sourceTree = "<group>"; };
		FA2EBFB61E3BB0E60018D30E /* Service.swift */ = {isa = PBXFileReference; fileEncoding = 4; lastKnownFileType = sourcecode.swift; path = Service.swift; sourceTree = "<group>"; };
		FA2EBFB81E3BB1040018D30E /* Payment.swift */ = {isa = PBXFileReference; fileEncoding = 4; lastKnownFileType = sourcecode.swift; path = Payment.swift; sourceTree = "<group>"; };
		FA2EBFBA1E3C62E40018D30E /* OrderViewController.swift */ = {isa = PBXFileReference; fileEncoding = 4; lastKnownFileType = sourcecode.swift; path = OrderViewController.swift; sourceTree = "<group>"; };
		FA96F1161E33315400615789 /* FedsDriver.app */ = {isa = PBXFileReference; explicitFileType = wrapper.application; includeInIndex = 0; path = FedsDriver.app; sourceTree = BUILT_PRODUCTS_DIR; };
		FA96F1191E33315400615789 /* AppDelegate.swift */ = {isa = PBXFileReference; lastKnownFileType = sourcecode.swift; path = AppDelegate.swift; sourceTree = "<group>"; };
		FA96F11B1E33315400615789 /* ViewController.swift */ = {isa = PBXFileReference; lastKnownFileType = sourcecode.swift; path = ViewController.swift; sourceTree = "<group>"; };
		FA96F11E1E33315400615789 /* Base */ = {isa = PBXFileReference; lastKnownFileType = file.storyboard; name = Base; path = Base.lproj/Main.storyboard; sourceTree = "<group>"; };
		FA96F1201E33315400615789 /* Assets.xcassets */ = {isa = PBXFileReference; lastKnownFileType = folder.assetcatalog; path = Assets.xcassets; sourceTree = "<group>"; };
		FA96F1231E33315400615789 /* Base */ = {isa = PBXFileReference; lastKnownFileType = file.storyboard; name = Base; path = Base.lproj/LaunchScreen.storyboard; sourceTree = "<group>"; };
		FA96F1251E33315400615789 /* Info.plist */ = {isa = PBXFileReference; lastKnownFileType = text.plist.xml; path = Info.plist; sourceTree = "<group>"; };
		FA96F12F1E3332C600615789 /* LoginViewController.swift */ = {isa = PBXFileReference; fileEncoding = 4; lastKnownFileType = sourcecode.swift; path = LoginViewController.swift; sourceTree = "<group>"; };
		FA96F1311E33382E00615789 /* User.swift */ = {isa = PBXFileReference; fileEncoding = 4; lastKnownFileType = sourcecode.swift; path = User.swift; sourceTree = "<group>"; };
		FA96F1341E3339B300615789 /* API.swift */ = {isa = PBXFileReference; fileEncoding = 4; lastKnownFileType = sourcecode.swift; path = API.swift; sourceTree = "<group>"; };
		FA96F1361E333F8900615789 /* DeviceInfo.swift */ = {isa = PBXFileReference; fileEncoding = 4; lastKnownFileType = sourcecode.swift; path = DeviceInfo.swift; sourceTree = "<group>"; };
		FA96F1391E33463E00615789 /* LocationCoordinateExtension.swift */ = {isa = PBXFileReference; fileEncoding = 4; lastKnownFileType = sourcecode.swift; path = LocationCoordinateExtension.swift; sourceTree = "<group>"; };
		FA96F13B1E33529D00615789 /* DictionaryExtension.swift */ = {isa = PBXFileReference; fileEncoding = 4; lastKnownFileType = sourcecode.swift; path = DictionaryExtension.swift; sourceTree = "<group>"; };
		FA96F13D1E335A2A00615789 /* UIViewControllerExtension.swift */ = {isa = PBXFileReference; fileEncoding = 4; lastKnownFileType = sourcecode.swift; path = UIViewControllerExtension.swift; sourceTree = "<group>"; };
		FA9A54981E448B1F00852DF2 /* FDTextRow.swift */ = {isa = PBXFileReference; fileEncoding = 4; lastKnownFileType = sourcecode.swift; path = FDTextRow.swift; sourceTree = "<group>"; };
		FA9A549A1E44939000852DF2 /* FDTextFieldTableViewCell.xib */ = {isa = PBXFileReference; fileEncoding = 4; lastKnownFileType = file.xib; path = FDTextFieldTableViewCell.xib; sourceTree = "<group>"; };
		FA9A549C1E44A77000852DF2 /* FDButtonTableViewCell.xib */ = {isa = PBXFileReference; fileEncoding = 4; lastKnownFileType = file.xib; path = FDButtonTableViewCell.xib; sourceTree = "<group>"; };
		FA9A549E1E44A8EA00852DF2 /* FDButtonTableViewCell.swift */ = {isa = PBXFileReference; fileEncoding = 4; lastKnownFileType = sourcecode.swift; path = FDButtonTableViewCell.swift; sourceTree = "<group>"; };
		FA9A54A01E44D6B800852DF2 /* LocationTableViewCell.swift */ = {isa = PBXFileReference; fileEncoding = 4; lastKnownFileType = sourcecode.swift; path = LocationTableViewCell.swift; sourceTree = "<group>"; };
		FA9A54A11E44D6B800852DF2 /* LocationTableViewCell.xib */ = {isa = PBXFileReference; fileEncoding = 4; lastKnownFileType = file.xib; path = LocationTableViewCell.xib; sourceTree = "<group>"; };
		FAA048B61E56E19600BA4CF1 /* en */ = {isa = PBXFileReference; lastKnownFileType = text.plist.strings; name = en; path = en.lproj/LaunchScreen.strings; sourceTree = "<group>"; };
		FAA048B91E56E40B00BA4CF1 /* junegull.ttf */ = {isa = PBXFileReference; lastKnownFileType = file; path = junegull.ttf; sourceTree = "<group>"; };
		FAA048BA1E56E40B00BA4CF1 /* QueenofCamelot.otf */ = {isa = PBXFileReference; lastKnownFileType = file; path = QueenofCamelot.otf; sourceTree = "<group>"; };
		FAA048BB1E56E40B00BA4CF1 /* QueenofCamelotItalic.otf */ = {isa = PBXFileReference; lastKnownFileType = file; path = QueenofCamelotItalic.otf; sourceTree = "<group>"; };
		FAA048BC1E56E40B00BA4CF1 /* QueenofCamelotOutlines.otf */ = {isa = PBXFileReference; lastKnownFileType = file; path = QueenofCamelotOutlines.otf; sourceTree = "<group>"; };
		FAA048BD1E56E40B00BA4CF1 /* Russian.ttf */ = {isa = PBXFileReference; lastKnownFileType = file; path = Russian.ttf; sourceTree = "<group>"; };
		FAA3C1811E451AF9005E575E /* BackView.swift */ = {isa = PBXFileReference; fileEncoding = 4; lastKnownFileType = sourcecode.swift; path = BackView.swift; sourceTree = "<group>"; };
		FAE259431E43D1F400ACE844 /* OrderTableViewCell.xib */ = {isa = PBXFileReference; fileEncoding = 4; lastKnownFileType = file.xib; path = OrderTableViewCell.xib; sourceTree = "<group>"; };
		FAE259461E43D58300ACE844 /* FDButton.swift */ = {isa = PBXFileReference; fileEncoding = 4; lastKnownFileType = sourcecode.swift; path = FDButton.swift; sourceTree = "<group>"; };
		FAF3A0B91E418203003A4E14 /* FDTableViewCell.swift */ = {isa = PBXFileReference; fileEncoding = 4; lastKnownFileType = sourcecode.swift; path = FDTableViewCell.swift; sourceTree = "<group>"; };
		FAF8A5E51E3B2FD1007F769B /* OrderListViewController.swift */ = {isa = PBXFileReference; fileEncoding = 4; lastKnownFileType = sourcecode.swift; path = OrderListViewController.swift; sourceTree = "<group>"; };
		FAF8A5E71E3B3037007F769B /* Order.swift */ = {isa = PBXFileReference; fileEncoding = 4; lastKnownFileType = sourcecode.swift; path = Order.swift; sourceTree = "<group>"; };
		FAF8A5E91E3B3756007F769B /* OrderTableViewCell.swift */ = {isa = PBXFileReference; fileEncoding = 4; lastKnownFileType = sourcecode.swift; path = OrderTableViewCell.swift; sourceTree = "<group>"; };
		FAF8A5EB1E3B38C4007F769B /* DeliveryAddress.swift */ = {isa = PBXFileReference; fileEncoding = 4; lastKnownFileType = sourcecode.swift; path = DeliveryAddress.swift; sourceTree = "<group>"; };
		FAF8A5EF1E3B3BB2007F769B /* TableViewDelegate.swift */ = {isa = PBXFileReference; fileEncoding = 4; lastKnownFileType = sourcecode.swift; path = TableViewDelegate.swift; sourceTree = "<group>"; };
/* End PBXFileReference section */

/* Begin PBXFrameworksBuildPhase section */
		FA96F1131E33315300615789 /* Frameworks */ = {
			isa = PBXFrameworksBuildPhase;
			buildActionMask = 2147483647;
			files = (
				E5F299DE36544E7E38BB57F2 /* Pods_FedsDriver.framework in Frameworks */,
			);
			runOnlyForDeploymentPostprocessing = 0;
		};
/* End PBXFrameworksBuildPhase section */

/* Begin PBXGroup section */
		4AC73919A03C955C73AB6CE7 /* Frameworks */ = {
			isa = PBXGroup;
			children = (
				061AFD5476C872E0A3AEB539 /* Pods_FedsDriver.framework */,
			);
			name = Frameworks;
			sourceTree = "<group>";
		};
		FA96F10D1E33315300615789 = {
			isa = PBXGroup;
			children = (
				FA96F1181E33315400615789 /* FedsDriver */,
				FA96F1171E33315400615789 /* Products */,
				FF9435CABA0D136111F70995 /* Pods */,
				4AC73919A03C955C73AB6CE7 /* Frameworks */,
			);
			sourceTree = "<group>";
		};
		FA96F1171E33315400615789 /* Products */ = {
			isa = PBXGroup;
			children = (
				FA96F1161E33315400615789 /* FedsDriver.app */,
			);
			name = Products;
			sourceTree = "<group>";
		};
		FA96F1181E33315400615789 /* FedsDriver */ = {
			isa = PBXGroup;
			children = (
				FAA048B81E56E40B00BA4CF1 /* Fonts */,
				FAE259451E43D55600ACE844 /* CustomView */,
				FAF8A5EE1E3B3BA0007F769B /* Utils */,
				FA96F1381E33462100615789 /* Extensions */,
				FA96F1331E3339B300615789 /* Networking */,
				FA96F12D1E33328100615789 /* CustomCells */,
				FA96F12C1E33327A00615789 /* Model */,
				FA96F12B1E33326F00615789 /* ViewControllers */,
				FA96F1191E33315400615789 /* AppDelegate.swift */,
				FA96F11B1E33315400615789 /* ViewController.swift */,
				FA96F11D1E33315400615789 /* Main.storyboard */,
				FA96F1201E33315400615789 /* Assets.xcassets */,
				FA96F1221E33315400615789 /* LaunchScreen.storyboard */,
				FA96F1251E33315400615789 /* Info.plist */,
			);
			path = FedsDriver;
			sourceTree = "<group>";
		};
		FA96F12B1E33326F00615789 /* ViewControllers */ = {
			isa = PBXGroup;
			children = (
				FA96F12F1E3332C600615789 /* LoginViewController.swift */,
				FAF8A5E51E3B2FD1007F769B /* OrderListViewController.swift */,
				FA2EBFBA1E3C62E40018D30E /* OrderViewController.swift */,
			);
			path = ViewControllers;
			sourceTree = "<group>";
		};
		FA96F12C1E33327A00615789 /* Model */ = {
			isa = PBXGroup;
			children = (
				FA96F1311E33382E00615789 /* User.swift */,
				FAF8A5EB1E3B38C4007F769B /* DeliveryAddress.swift */,
				FA2EBFB81E3BB1040018D30E /* Payment.swift */,
				FA96F1361E333F8900615789 /* DeviceInfo.swift */,
				FA2EBFB61E3BB0E60018D30E /* Service.swift */,
				FAF8A5E71E3B3037007F769B /* Order.swift */,
			);
			path = Model;
			sourceTree = "<group>";
		};
		FA96F12D1E33328100615789 /* CustomCells */ = {
			isa = PBXGroup;
			children = (
				FA96F12E1E33328100615789 /* TableView */,
			);
			path = CustomCells;
			sourceTree = "<group>";
		};
		FA96F12E1E33328100615789 /* TableView */ = {
			isa = PBXGroup;
			children = (
				FAF3A0B81E4181E0003A4E14 /* form */,
				FAF8A5E91E3B3756007F769B /* OrderTableViewCell.swift */,
				FAE259431E43D1F400ACE844 /* OrderTableViewCell.xib */,
			);
			path = TableView;
			sourceTree = "<group>";
		};
		FA96F1331E3339B300615789 /* Networking */ = {
			isa = PBXGroup;
			children = (
				FA96F1341E3339B300615789 /* API.swift */,
			);
			path = Networking;
			sourceTree = "<group>";
		};
		FA96F1381E33462100615789 /* Extensions */ = {
			isa = PBXGroup;
			children = (
				FA96F1391E33463E00615789 /* LocationCoordinateExtension.swift */,
				FA96F13B1E33529D00615789 /* DictionaryExtension.swift */,
				FA96F13D1E335A2A00615789 /* UIViewControllerExtension.swift */,
			);
			path = Extensions;
			sourceTree = "<group>";
		};
		FAA048B81E56E40B00BA4CF1 /* Fonts */ = {
			isa = PBXGroup;
			children = (
				FAA048B91E56E40B00BA4CF1 /* junegull.ttf */,
				FAA048BA1E56E40B00BA4CF1 /* QueenofCamelot.otf */,
				FAA048BB1E56E40B00BA4CF1 /* QueenofCamelotItalic.otf */,
				FAA048BC1E56E40B00BA4CF1 /* QueenofCamelotOutlines.otf */,
				FAA048BD1E56E40B00BA4CF1 /* Russian.ttf */,
			);
			path = Fonts;
			sourceTree = "<group>";
		};
		FAE259451E43D55600ACE844 /* CustomView */ = {
			isa = PBXGroup;
			children = (
				FAE259461E43D58300ACE844 /* FDButton.swift */,
				FAA3C1811E451AF9005E575E /* BackView.swift */,
			);
			path = CustomView;
			sourceTree = "<group>";
		};
		FAF3A0B81E4181E0003A4E14 /* form */ = {
			isa = PBXGroup;
			children = (
				FA9A54A01E44D6B800852DF2 /* LocationTableViewCell.swift */,
				FA9A54A11E44D6B800852DF2 /* LocationTableViewCell.xib */,
				FAF3A0B91E418203003A4E14 /* FDTableViewCell.swift */,
				FA9A54981E448B1F00852DF2 /* FDTextRow.swift */,
				FA9A549A1E44939000852DF2 /* FDTextFieldTableViewCell.xib */,
				FA9A549C1E44A77000852DF2 /* FDButtonTableViewCell.xib */,
				FA9A549E1E44A8EA00852DF2 /* FDButtonTableViewCell.swift */,
			);
			path = form;
			sourceTree = "<group>";
		};
		FAF8A5EE1E3B3BA0007F769B /* Utils */ = {
			isa = PBXGroup;
			children = (
				FAF8A5EF1E3B3BB2007F769B /* TableViewDelegate.swift */,
			);
			path = Utils;
			sourceTree = "<group>";
		};
		FF9435CABA0D136111F70995 /* Pods */ = {
			isa = PBXGroup;
			children = (
				69CDFAEA50B49803943021A0 /* Pods-FedsDriver.debug.xcconfig */,
				7A5261BE1346392F6EE94868 /* Pods-FedsDriver.release.xcconfig */,
			);
			name = Pods;
			sourceTree = "<group>";
		};
/* End PBXGroup section */

/* Begin PBXNativeTarget section */
		FA96F1151E33315300615789 /* FedsDriver */ = {
			isa = PBXNativeTarget;
			buildConfigurationList = FA96F1281E33315400615789 /* Build configuration list for PBXNativeTarget "FedsDriver" */;
			buildPhases = (
				79A442B1701A80FE1B055674 /* [CP] Check Pods Manifest.lock */,
				FA96F1121E33315300615789 /* Sources */,
				FA96F1131E33315300615789 /* Frameworks */,
				FA96F1141E33315300615789 /* Resources */,
				A781B24B2B06DDACAEA6B393 /* [CP] Embed Pods Frameworks */,
				EB9E39B10367E9BBA30EBF01 /* [CP] Copy Pods Resources */,
			);
			buildRules = (
			);
			dependencies = (
			);
			name = FedsDriver;
			productName = FedsDriver;
			productReference = FA96F1161E33315400615789 /* FedsDriver.app */;
			productType = "com.apple.product-type.application";
		};
/* End PBXNativeTarget section */

/* Begin PBXProject section */
		FA96F10E1E33315300615789 /* Project object */ = {
			isa = PBXProject;
			attributes = {
				LastSwiftUpdateCheck = 0820;
				LastUpgradeCheck = 0820;
				ORGANIZATIONNAME = Alfred;
				TargetAttributes = {
					FA96F1151E33315300615789 = {
						CreatedOnToolsVersion = 8.2.1;
						DevelopmentTeam = XSTQG9NP3Y;
						ProvisioningStyle = Manual;
					};
				};
			};
			buildConfigurationList = FA96F1111E33315300615789 /* Build configuration list for PBXProject "FedsDriver" */;
			compatibilityVersion = "Xcode 3.2";
			developmentRegion = English;
			hasScannedForEncodings = 0;
			knownRegions = (
				en,
				Base,
			);
			mainGroup = FA96F10D1E33315300615789;
			productRefGroup = FA96F1171E33315400615789 /* Products */;
			projectDirPath = "";
			projectRoot = "";
			targets = (
				FA96F1151E33315300615789 /* FedsDriver */,
			);
		};
/* End PBXProject section */

/* Begin PBXResourcesBuildPhase section */
		FA96F1141E33315300615789 /* Resources */ = {
			isa = PBXResourcesBuildPhase;
			buildActionMask = 2147483647;
			files = (
				FAA048C21E56E40B00BA4CF1 /* Russian.ttf in Resources */,
				FA96F1241E33315400615789 /* LaunchScreen.storyboard in Resources */,
				FAA048BF1E56E40B00BA4CF1 /* QueenofCamelot.otf in Resources */,
				FA96F1211E33315400615789 /* Assets.xcassets in Resources */,
				FA9A54A31E44D6B800852DF2 /* LocationTableViewCell.xib in Resources */,
				FAA048C11E56E40B00BA4CF1 /* QueenofCamelotOutlines.otf in Resources */,
				FAE259441E43D1F400ACE844 /* OrderTableViewCell.xib in Resources */,
				FA9A549D1E44A77000852DF2 /* FDButtonTableViewCell.xib in Resources */,
				FA9A549B1E44939000852DF2 /* FDTextFieldTableViewCell.xib in Resources */,
				FAA048C01E56E40B00BA4CF1 /* QueenofCamelotItalic.otf in Resources */,
				FAA048BE1E56E40B00BA4CF1 /* junegull.ttf in Resources */,
				FA96F11F1E33315400615789 /* Main.storyboard in Resources */,
			);
			runOnlyForDeploymentPostprocessing = 0;
		};
/* End PBXResourcesBuildPhase section */

/* Begin PBXShellScriptBuildPhase section */
		79A442B1701A80FE1B055674 /* [CP] Check Pods Manifest.lock */ = {
			isa = PBXShellScriptBuildPhase;
			buildActionMask = 2147483647;
			files = (
			);
			inputPaths = (
			);
			name = "[CP] Check Pods Manifest.lock";
			outputPaths = (
			);
			runOnlyForDeploymentPostprocessing = 0;
			shellPath = /bin/sh;
			shellScript = "diff \"${PODS_ROOT}/../Podfile.lock\" \"${PODS_ROOT}/Manifest.lock\" > /dev/null\nif [[ $? != 0 ]] ; then\n    cat << EOM\nerror: The sandbox is not in sync with the Podfile.lock. Run 'pod install' or update your CocoaPods installation.\nEOM\n    exit 1\nfi\n";
			showEnvVarsInLog = 0;
		};
		A781B24B2B06DDACAEA6B393 /* [CP] Embed Pods Frameworks */ = {
			isa = PBXShellScriptBuildPhase;
			buildActionMask = 2147483647;
			files = (
			);
			inputPaths = (
			);
			name = "[CP] Embed Pods Frameworks";
			outputPaths = (
			);
			runOnlyForDeploymentPostprocessing = 0;
			shellPath = /bin/sh;
			shellScript = "\"${SRCROOT}/Pods/Target Support Files/Pods-FedsDriver/Pods-FedsDriver-frameworks.sh\"\n";
			showEnvVarsInLog = 0;
		};
		EB9E39B10367E9BBA30EBF01 /* [CP] Copy Pods Resources */ = {
			isa = PBXShellScriptBuildPhase;
			buildActionMask = 2147483647;
			files = (
			);
			inputPaths = (
			);
			name = "[CP] Copy Pods Resources";
			outputPaths = (
			);
			runOnlyForDeploymentPostprocessing = 0;
			shellPath = /bin/sh;
			shellScript = "\"${SRCROOT}/Pods/Target Support Files/Pods-FedsDriver/Pods-FedsDriver-resources.sh\"\n";
			showEnvVarsInLog = 0;
		};
/* End PBXShellScriptBuildPhase section */

/* Begin PBXSourcesBuildPhase section */
		FA96F1121E33315300615789 /* Sources */ = {
			isa = PBXSourcesBuildPhase;
			buildActionMask = 2147483647;
			files = (
				FAF8A5F01E3B3BB2007F769B /* TableViewDelegate.swift in Sources */,
				FA9A54991E448B1F00852DF2 /* FDTextRow.swift in Sources */,
				FAF3A0BA1E418203003A4E14 /* FDTableViewCell.swift in Sources */,
				FA96F1321E33382E00615789 /* User.swift in Sources */,
				FA2EBFB71E3BB0E60018D30E /* Service.swift in Sources */,
				FA96F1371E333F8900615789 /* DeviceInfo.swift in Sources */,
				FAE259471E43D58300ACE844 /* FDButton.swift in Sources */,
				FAA3C1821E451AF9005E575E /* BackView.swift in Sources */,
				FA96F13E1E335A2A00615789 /* UIViewControllerExtension.swift in Sources */,
				FA9A54A21E44D6B800852DF2 /* LocationTableViewCell.swift in Sources */,
				FA96F13A1E33463E00615789 /* LocationCoordinateExtension.swift in Sources */,
				FA2EBFB91E3BB1040018D30E /* Payment.swift in Sources */,
				FAF8A5E81E3B3037007F769B /* Order.swift in Sources */,
				FA2EBFBB1E3C62E40018D30E /* OrderViewController.swift in Sources */,
				FA96F1301E3332C600615789 /* LoginViewController.swift in Sources */,
				FAF8A5EA1E3B3756007F769B /* OrderTableViewCell.swift in Sources */,
				FAF8A5E61E3B2FD1007F769B /* OrderListViewController.swift in Sources */,
				FA96F11C1E33315400615789 /* ViewController.swift in Sources */,
				FA96F11A1E33315400615789 /* AppDelegate.swift in Sources */,
				FAF8A5EC1E3B38C4007F769B /* DeliveryAddress.swift in Sources */,
				FA96F1351E3339B300615789 /* API.swift in Sources */,
				FA96F13C1E33529D00615789 /* DictionaryExtension.swift in Sources */,
				FA9A549F1E44A8EA00852DF2 /* FDButtonTableViewCell.swift in Sources */,
			);
			runOnlyForDeploymentPostprocessing = 0;
		};
/* End PBXSourcesBuildPhase section */

/* Begin PBXVariantGroup section */
		FA96F11D1E33315400615789 /* Main.storyboard */ = {
			isa = PBXVariantGroup;
			children = (
				FA96F11E1E33315400615789 /* Base */,
			);
			name = Main.storyboard;
			sourceTree = "<group>";
		};
		FA96F1221E33315400615789 /* LaunchScreen.storyboard */ = {
			isa = PBXVariantGroup;
			children = (
				FA96F1231E33315400615789 /* Base */,
				FAA048B61E56E19600BA4CF1 /* en */,
			);
			name = LaunchScreen.storyboard;
			sourceTree = "<group>";
		};
/* End PBXVariantGroup section */

/* Begin XCBuildConfiguration section */
		FA96F1261E33315400615789 /* Debug */ = {
			isa = XCBuildConfiguration;
			buildSettings = {
				ALWAYS_SEARCH_USER_PATHS = NO;
				CLANG_ANALYZER_NONNULL = YES;
				CLANG_CXX_LANGUAGE_STANDARD = "gnu++0x";
				CLANG_CXX_LIBRARY = "libc++";
				CLANG_ENABLE_MODULES = YES;
				CLANG_ENABLE_OBJC_ARC = YES;
				CLANG_WARN_BOOL_CONVERSION = YES;
				CLANG_WARN_CONSTANT_CONVERSION = YES;
				CLANG_WARN_DIRECT_OBJC_ISA_USAGE = YES_ERROR;
				CLANG_WARN_DOCUMENTATION_COMMENTS = YES;
				CLANG_WARN_EMPTY_BODY = YES;
				CLANG_WARN_ENUM_CONVERSION = YES;
				CLANG_WARN_INFINITE_RECURSION = YES;
				CLANG_WARN_INT_CONVERSION = YES;
				CLANG_WARN_OBJC_ROOT_CLASS = YES_ERROR;
				CLANG_WARN_SUSPICIOUS_MOVE = YES;
				CLANG_WARN_UNREACHABLE_CODE = YES;
				CLANG_WARN__DUPLICATE_METHOD_MATCH = YES;
				"CODE_SIGN_IDENTITY[sdk=iphoneos*]" = "iPhone Developer";
				COPY_PHASE_STRIP = NO;
				DEBUG_INFORMATION_FORMAT = dwarf;
				ENABLE_STRICT_OBJC_MSGSEND = YES;
				ENABLE_TESTABILITY = YES;
				GCC_C_LANGUAGE_STANDARD = gnu99;
				GCC_DYNAMIC_NO_PIC = NO;
				GCC_NO_COMMON_BLOCKS = YES;
				GCC_OPTIMIZATION_LEVEL = 0;
				GCC_PREPROCESSOR_DEFINITIONS = (
					"DEBUG=1",
					"$(inherited)",
				);
				GCC_WARN_64_TO_32_BIT_CONVERSION = YES;
				GCC_WARN_ABOUT_RETURN_TYPE = YES_ERROR;
				GCC_WARN_UNDECLARED_SELECTOR = YES;
				GCC_WARN_UNINITIALIZED_AUTOS = YES_AGGRESSIVE;
				GCC_WARN_UNUSED_FUNCTION = YES;
				GCC_WARN_UNUSED_VARIABLE = YES;
				IPHONEOS_DEPLOYMENT_TARGET = 10.2;
				MTL_ENABLE_DEBUG_INFO = YES;
				ONLY_ACTIVE_ARCH = YES;
				SDKROOT = iphoneos;
				SWIFT_ACTIVE_COMPILATION_CONDITIONS = DEBUG;
				SWIFT_OPTIMIZATION_LEVEL = "-Onone";
			};
			name = Debug;
		};
		FA96F1271E33315400615789 /* Release */ = {
			isa = XCBuildConfiguration;
			buildSettings = {
				ALWAYS_SEARCH_USER_PATHS = NO;
				CLANG_ANALYZER_NONNULL = YES;
				CLANG_CXX_LANGUAGE_STANDARD = "gnu++0x";
				CLANG_CXX_LIBRARY = "libc++";
				CLANG_ENABLE_MODULES = YES;
				CLANG_ENABLE_OBJC_ARC = YES;
				CLANG_WARN_BOOL_CONVERSION = YES;
				CLANG_WARN_CONSTANT_CONVERSION = YES;
				CLANG_WARN_DIRECT_OBJC_ISA_USAGE = YES_ERROR;
				CLANG_WARN_DOCUMENTATION_COMMENTS = YES;
				CLANG_WARN_EMPTY_BODY = YES;
				CLANG_WARN_ENUM_CONVERSION = YES;
				CLANG_WARN_INFINITE_RECURSION = YES;
				CLANG_WARN_INT_CONVERSION = YES;
				CLANG_WARN_OBJC_ROOT_CLASS = YES_ERROR;
				CLANG_WARN_SUSPICIOUS_MOVE = YES;
				CLANG_WARN_UNREACHABLE_CODE = YES;
				CLANG_WARN__DUPLICATE_METHOD_MATCH = YES;
				"CODE_SIGN_IDENTITY[sdk=iphoneos*]" = "iPhone Developer";
				COPY_PHASE_STRIP = NO;
				DEBUG_INFORMATION_FORMAT = "dwarf-with-dsym";
				ENABLE_NS_ASSERTIONS = NO;
				ENABLE_STRICT_OBJC_MSGSEND = YES;
				GCC_C_LANGUAGE_STANDARD = gnu99;
				GCC_NO_COMMON_BLOCKS = YES;
				GCC_WARN_64_TO_32_BIT_CONVERSION = YES;
				GCC_WARN_ABOUT_RETURN_TYPE = YES_ERROR;
				GCC_WARN_UNDECLARED_SELECTOR = YES;
				GCC_WARN_UNINITIALIZED_AUTOS = YES_AGGRESSIVE;
				GCC_WARN_UNUSED_FUNCTION = YES;
				GCC_WARN_UNUSED_VARIABLE = YES;
				IPHONEOS_DEPLOYMENT_TARGET = 10.2;
				MTL_ENABLE_DEBUG_INFO = NO;
				SDKROOT = iphoneos;
				SWIFT_OPTIMIZATION_LEVEL = "-Owholemodule";
				VALIDATE_PRODUCT = YES;
			};
			name = Release;
		};
		FA96F1291E33315400615789 /* Debug */ = {
			isa = XCBuildConfiguration;
			baseConfigurationReference = 69CDFAEA50B49803943021A0 /* Pods-FedsDriver.debug.xcconfig */;
			buildSettings = {
				ASSETCATALOG_COMPILER_APPICON_NAME = AppIcon;
				"CODE_SIGN_IDENTITY[sdk=iphoneos*]" = "iPhone Distribution: Alfred Thekkan (XSTQG9NP3Y)";
				DEVELOPMENT_TEAM = XSTQG9NP3Y;
				INFOPLIST_FILE = FedsDriver/Info.plist;
				IPHONEOS_DEPLOYMENT_TARGET = 9.0;
				LD_RUNPATH_SEARCH_PATHS = "$(inherited) @executable_path/Frameworks";
				PRODUCT_BUNDLE_IDENTIFIER = com.alfred.feds.driver;
				PRODUCT_NAME = "$(TARGET_NAME)";
				PROVISIONING_PROFILE = "a6563a7a-c060-4a3c-8c43-64aca93a48cc";
				PROVISIONING_PROFILE_SPECIFIER = "Feds Driver App Store Profile";
				SWIFT_VERSION = 3.0;
			};
			name = Debug;
		};
		FA96F12A1E33315400615789 /* Release */ = {
			isa = XCBuildConfiguration;
			baseConfigurationReference = 7A5261BE1346392F6EE94868 /* Pods-FedsDriver.release.xcconfig */;
			buildSettings = {
				ASSETCATALOG_COMPILER_APPICON_NAME = AppIcon;
				"CODE_SIGN_IDENTITY[sdk=iphoneos*]" = "iPhone Distribution: Alfred Thekkan (XSTQG9NP3Y)";
				DEVELOPMENT_TEAM = XSTQG9NP3Y;
				INFOPLIST_FILE = FedsDriver/Info.plist;
				IPHONEOS_DEPLOYMENT_TARGET = 9.0;
				LD_RUNPATH_SEARCH_PATHS = "$(inherited) @executable_path/Frameworks";
				PRODUCT_BUNDLE_IDENTIFIER = com.alfred.feds.driver;
				PRODUCT_NAME = "$(TARGET_NAME)";
				PROVISIONING_PROFILE = "a6563a7a-c060-4a3c-8c43-64aca93a48cc";
				PROVISIONING_PROFILE_SPECIFIER = "Feds Driver App Store Profile";
				SWIFT_VERSION = 3.0;
			};
			name = Release;
		};
/* End XCBuildConfiguration section */

/* Begin XCConfigurationList section */
		FA96F1111E33315300615789 /* Build configuration list for PBXProject "FedsDriver" */ = {
			isa = XCConfigurationList;
			buildConfigurations = (
				FA96F1261E33315400615789 /* Debug */,
				FA96F1271E33315400615789 /* Release */,
			);
			defaultConfigurationIsVisible = 0;
			defaultConfigurationName = Release;
		};
		FA96F1281E33315400615789 /* Build configuration list for PBXNativeTarget "FedsDriver" */ = {
			isa = XCConfigurationList;
			buildConfigurations = (
				FA96F1291E33315400615789 /* Debug */,
				FA96F12A1E33315400615789 /* Release */,
			);
			defaultConfigurationIsVisible = 0;
			defaultConfigurationName = Release;
		};
/* End XCConfigurationList section */
	};
	rootObject = FA96F10E1E33315300615789 /* Project object */;
}
